github.com/deckarep/golang-set v1.7.1/go.mod h1:93vsz/8Wt4joVM7c2AVqh+YRMiUSc14yDtF28KmMOgQ=
github.com/sipt/GoJsoner v0.0.0-20170413020122-3e1341522aa6 h1:Fk+RHrP30GVAa9XI8uLRi24d+vJAyOeKgxGLPcgqcj0=
github.com/sipt/GoJsoner v0.0.0-20170413020122-3e1341522aa6/go.mod h1:2WvYEKADMAvnYle0CjdECYjhcTlPUc964A1bdLXR9Nc=
github.com/sony/sonyflake v1.0.0 h1:MpU6Ro7tfXwgn2l5eluf9xQvQJDROTBImNCfRXn/YeM=
github.com/sony/sonyflake v1.0.0/go.mod h1:Jv3cfhf/UFtolOTTRd3q4Nl6ENqM+KfyZ5PseKfZGF4=
